// !$*UTF8*$!
{
	archiveVersion = 1;
	classes = {
	};
	objectVersion = 56;
	objects = {

/* Begin PBXBuildFile section */
		EB759D41291D6B9200F4D6C9 /* AppDelegate.swift in Sources */ = {isa = PBXBuildFile; fileRef = EB759D40291D6B9200F4D6C9 /* AppDelegate.swift */; };
		EB759D43291D6B9200F4D6C9 /* SceneDelegate.swift in Sources */ = {isa = PBXBuildFile; fileRef = EB759D42291D6B9200F4D6C9 /* SceneDelegate.swift */; };
		EB759D45291D6B9200F4D6C9 /* ViewController.swift in Sources */ = {isa = PBXBuildFile; fileRef = EB759D44291D6B9200F4D6C9 /* ViewController.swift */; };
		EB759D48291D6B9200F4D6C9 /* Main.storyboard in Resources */ = {isa = PBXBuildFile; fileRef = EB759D46291D6B9200F4D6C9 /* Main.storyboard */; };
		EB759D4A291D6B9400F4D6C9 /* Assets.xcassets in Resources */ = {isa = PBXBuildFile; fileRef = EB759D49291D6B9400F4D6C9 /* Assets.xcassets */; };
		EB759D4D291D6B9400F4D6C9 /* LaunchScreen.storyboard in Resources */ = {isa = PBXBuildFile; fileRef = EB759D4B291D6B9400F4D6C9 /* LaunchScreen.storyboard */; };
		EB759D57291D6CC800F4D6C9 /* CustomTableViewCell.swift in Sources */ = {isa = PBXBuildFile; fileRef = EB759D55291D6CC800F4D6C9 /* CustomTableViewCell.swift */; };
		EB759D58291D6CC800F4D6C9 /* CustomTableViewCell.xib in Resources */ = {isa = PBXBuildFile; fileRef = EB759D56291D6CC800F4D6C9 /* CustomTableViewCell.xib */; };
		EB759D5B291D721700F4D6C9 /* CustomCollectionViewCell.swift in Sources */ = {isa = PBXBuildFile; fileRef = EB759D59291D721700F4D6C9 /* CustomCollectionViewCell.swift */; };
		EB759D5C291D721700F4D6C9 /* CustomCollectionViewCell.xib in Resources */ = {isa = PBXBuildFile; fileRef = EB759D5A291D721700F4D6C9 /* CustomCollectionViewCell.xib */; };
/* End PBXBuildFile section */

/* Begin PBXFileReference section */
		EB759D3D291D6B9200F4D6C9 /* ResumoAulaCollectionViewAvancada.app */ = {isa = PBXFileReference; explicitFileType = wrapper.application; includeInIndex = 0; path = ResumoAulaCollectionViewAvancada.app; sourceTree = BUILT_PRODUCTS_DIR; };
		EB759D40291D6B9200F4D6C9 /* AppDelegate.swift */ = {isa = PBXFileReference; lastKnownFileType = sourcecode.swift; path = AppDelegate.swift; sourceTree = "<group>"; };
		EB759D42291D6B9200F4D6C9 /* SceneDelegate.swift */ = {isa = PBXFileReference; lastKnownFileType = sourcecode.swift; path = SceneDelegate.swift; sourceTree = "<group>"; };
		EB759D44291D6B9200F4D6C9 /* ViewController.swift */ = {isa = PBXFileReference; lastKnownFileType = sourcecode.swift; path = ViewController.swift; sourceTree = "<group>"; };
		EB759D47291D6B9200F4D6C9 /* Base */ = {isa = PBXFileReference; lastKnownFileType = file.storyboard; name = Base; path = Base.lproj/Main.storyboard; sourceTree = "<group>"; };
		EB759D49291D6B9400F4D6C9 /* Assets.xcassets */ = {isa = PBXFileReference; lastKnownFileType = folder.assetcatalog; path = Assets.xcassets; sourceTree = "<group>"; };
		EB759D4C291D6B9400F4D6C9 /* Base */ = {isa = PBXFileReference; lastKnownFileType = file.storyboard; name = Base; path = Base.lproj/LaunchScreen.storyboard; sourceTree = "<group>"; };
		EB759D4E291D6B9400F4D6C9 /* Info.plist */ = {isa = PBXFileReference; lastKnownFileType = text.plist.xml; path = Info.plist; sourceTree = "<group>"; };
		EB759D55291D6CC800F4D6C9 /* CustomTableViewCell.swift */ = {isa = PBXFileReference; lastKnownFileType = sourcecode.swift; path = CustomTableViewCell.swift; sourceTree = "<group>"; };
		EB759D56291D6CC800F4D6C9 /* CustomTableViewCell.xib */ = {isa = PBXFileReference; lastKnownFileType = file.xib; path = CustomTableViewCell.xib; sourceTree = "<group>"; };
		EB759D59291D721700F4D6C9 /* CustomCollectionViewCell.swift */ = {isa = PBXFileReference; lastKnownFileType = sourcecode.swift; path = CustomCollectionViewCell.swift; sourceTree = "<group>"; };
		EB759D5A291D721700F4D6C9 /* CustomCollectionViewCell.xib */ = {isa = PBXFileReference; lastKnownFileType = file.xib; path = CustomCollectionViewCell.xib; sourceTree = "<group>"; };
/* End PBXFileReference section */

/* Begin PBXFrameworksBuildPhase section */
		EB759D3A291D6B9200F4D6C9 /* Frameworks */ = {
			isa = PBXFrameworksBuildPhase;
			buildActionMask = 2147483647;
			files = (
			);
			runOnlyForDeploymentPostprocessing = 0;
		};
/* End PBXFrameworksBuildPhase section */

/* Begin PBXGroup section */
		EB759D34291D6B9200F4D6C9 = {
			isa = PBXGroup;
			children = (
				EB759D3F291D6B9200F4D6C9 /* ResumoAulaCollectionViewAvancada */,
				EB759D3E291D6B9200F4D6C9 /* Products */,
			);
			sourceTree = "<group>";
		};
		EB759D3E291D6B9200F4D6C9 /* Products */ = {
			isa = PBXGroup;
			children = (
				EB759D3D291D6B9200F4D6C9 /* ResumoAulaCollectionViewAvancada.app */,
			);
			name = Products;
			sourceTree = "<group>";
		};
		EB759D3F291D6B9200F4D6C9 /* ResumoAulaCollectionViewAvancada */ = {
			isa = PBXGroup;
			children = (
				EB759D54291D6C9600F4D6C9 /* Cell */,
				EB759D40291D6B9200F4D6C9 /* AppDelegate.swift */,
				EB759D42291D6B9200F4D6C9 /* SceneDelegate.swift */,
				EB759D44291D6B9200F4D6C9 /* ViewController.swift */,
				EB759D46291D6B9200F4D6C9 /* Main.storyboard */,
				EB759D49291D6B9400F4D6C9 /* Assets.xcassets */,
				EB759D4B291D6B9400F4D6C9 /* LaunchScreen.storyboard */,
				EB759D4E291D6B9400F4D6C9 /* Info.plist */,
			);
			path = ResumoAulaCollectionViewAvancada;
			sourceTree = "<group>";
		};
		EB759D54291D6C9600F4D6C9 /* Cell */ = {
			isa = PBXGroup;
			children = (
				EB759D55291D6CC800F4D6C9 /* CustomTableViewCell.swift */,
				EB759D56291D6CC800F4D6C9 /* CustomTableViewCell.xib */,
				EB759D59291D721700F4D6C9 /* CustomCollectionViewCell.swift */,
				EB759D5A291D721700F4D6C9 /* CustomCollectionViewCell.xib */,
			);
			path = Cell;
			sourceTree = "<group>";
		};
/* End PBXGroup section */

/* Begin PBXNativeTarget section */
		EB759D3C291D6B9200F4D6C9 /* ResumoAulaCollectionViewAvancada */ = {
			isa = PBXNativeTarget;
			buildConfigurationList = EB759D51291D6B9400F4D6C9 /* Build configuration list for PBXNativeTarget "ResumoAulaCollectionViewAvancada" */;
			buildPhases = (
				EB759D39291D6B9200F4D6C9 /* Sources */,
				EB759D3A291D6B9200F4D6C9 /* Frameworks */,
				EB759D3B291D6B9200F4D6C9 /* Resources */,
			);
			buildRules = (
			);
			dependencies = (
			);
			name = ResumoAulaCollectionViewAvancada;
			productName = ResumoAulaCollectionViewAvancada;
			productReference = EB759D3D291D6B9200F4D6C9 /* ResumoAulaCollectionViewAvancada.app */;
			productType = "com.apple.product-type.application";
		};
/* End PBXNativeTarget section */

/* Begin PBXProject section */
		EB759D35291D6B9200F4D6C9 /* Project object */ = {
			isa = PBXProject;
			attributes = {
				BuildIndependentTargetsInParallel = 1;
				LastSwiftUpdateCheck = 1410;
				LastUpgradeCheck = 1410;
				TargetAttributes = {
					EB759D3C291D6B9200F4D6C9 = {
						CreatedOnToolsVersion = 14.1;
					};
				};
			};
			buildConfigurationList = EB759D38291D6B9200F4D6C9 /* Build configuration list for PBXProject "ResumoAulaCollectionViewAvancada" */;
			compatibilityVersion = "Xcode 14.0";
			developmentRegion = en;
			hasScannedForEncodings = 0;
			knownRegions = (
				en,
				Base,
			);
			mainGroup = EB759D34291D6B9200F4D6C9;
			productRefGroup = EB759D3E291D6B9200F4D6C9 /* Products */;
			projectDirPath = "";
			projectRoot = "";
			targets = (
				EB759D3C291D6B9200F4D6C9 /* ResumoAulaCollectionViewAvancada */,
			);
		};
/* End PBXProject section */

/* Begin PBXResourcesBuildPhase section */
		EB759D3B291D6B9200F4D6C9 /* Resources */ = {
			isa = PBXResourcesBuildPhase;
			buildActionMask = 2147483647;
			files = (
				EB759D4D291D6B9400F4D6C9 /* LaunchScreen.storyboard in Resources */,
				EB759D4A291D6B9400F4D6C9 /* Assets.xcassets in Resources */,
				EB759D58291D6CC800F4D6C9 /* CustomTableViewCell.xib in Resources */,
				EB759D5C291D721700F4D6C9 /* CustomCollectionViewCell.xib in Resources */,
				EB759D48291D6B9200F4D6C9 /* Main.storyboard in Resources */,
			);
			runOnlyForDeploymentPostprocessing = 0;
		};
/* End PBXResourcesBuildPhase section */

/* Begin PBXSourcesBuildPhase section */
		EB759D39291D6B9200F4D6C9 /* Sources */ = {
			isa = PBXSourcesBuildPhase;
			buildActionMask = 2147483647;
			files = (
				EB759D45291D6B9200F4D6C9 /* ViewController.swift in Sources */,
				EB759D5B291D721700F4D6C9 /* CustomCollectionViewCell.swift in Sources */,
				EB759D41291D6B9200F4D6C9 /* AppDelegate.swift in Sources */,
				EB759D57291D6CC800F4D6C9 /* CustomTableViewCell.swift in Sources */,
				EB759D43291D6B9200F4D6C9 /* SceneDelegate.swift in Sources */,
			);
			runOnlyForDeploymentPostprocessing = 0;
		};
/* End PBXSourcesBuildPhase section */

/* Begin PBXVariantGroup section */
		EB759D46291D6B9200F4D6C9 /* Main.storyboard */ = {
			isa = PBXVariantGroup;
			children = (
				EB759D47291D6B9200F4D6C9 /* Base */,
			);
			name = Main.storyboard;
			sourceTree = "<group>";
		};
		EB759D4B291D6B9400F4D6C9 /* LaunchScreen.storyboard */ = {
			isa = PBXVariantGroup;
			children = (
				EB759D4C291D6B9400F4D6C9 /* Base */,
			);
			name = LaunchScreen.storyboard;
			sourceTree = "<group>";
		};
/* End PBXVariantGroup section */

/* Begin XCBuildConfiguration section */
		EB759D4F291D6B9400F4D6C9 /* Debug */ = {
			isa = XCBuildConfiguration;
			buildSettings = {
				ALWAYS_SEARCH_USER_PATHS = NO;
				CLANG_ANALYZER_NONNULL = YES;
				CLANG_ANALYZER_NUMBER_OBJECT_CONVERSION = YES_AGGRESSIVE;
				CLANG_CXX_LANGUAGE_STANDARD = "gnu++20";
				CLANG_ENABLE_MODULES = YES;
				CLANG_ENABLE_OBJC_ARC = YES;
				CLANG_ENABLE_OBJC_WEAK = YES;
				CLANG_WARN_BLOCK_CAPTURE_AUTORELEASING = YES;
				CLANG_WARN_BOOL_CONVERSION = YES;
				CLANG_WARN_COMMA = YES;
				CLANG_WARN_CONSTANT_CONVERSION = YES;
				CLANG_WARN_DEPRECATED_OBJC_IMPLEMENTATIONS = YES;
				CLANG_WARN_DIRECT_OBJC_ISA_USAGE = YES_ERROR;
				CLANG_WARN_DOCUMENTATION_COMMENTS = YES;
				CLANG_WARN_EMPTY_BODY = YES;
				CLANG_WARN_ENUM_CONVERSION = YES;
				CLANG_WARN_INFINITE_RECURSION = YES;
				CLANG_WARN_INT_CONVERSION = YES;
				CLANG_WARN_NON_LITERAL_NULL_CONVERSION = YES;
				CLANG_WARN_OBJC_IMPLICIT_RETAIN_SELF = YES;
				CLANG_WARN_OBJC_LITERAL_CONVERSION = YES;
				CLANG_WARN_OBJC_ROOT_CLASS = YES_ERROR;
				CLANG_WARN_QUOTED_INCLUDE_IN_FRAMEWORK_HEADER = YES;
				CLANG_WARN_RANGE_LOOP_ANALYSIS = YES;
				CLANG_WARN_STRICT_PROTOTYPES = YES;
				CLANG_WARN_SUSPICIOUS_MOVE = YES;
				CLANG_WARN_UNGUARDED_AVAILABILITY = YES_AGGRESSIVE;
				CLANG_WARN_UNREACHABLE_CODE = YES;
				CLANG_WARN__DUPLICATE_METHOD_MATCH = YES;
				COPY_PHASE_STRIP = NO;
				DEBUG_INFORMATION_FORMAT = dwarf;
				ENABLE_STRICT_OBJC_MSGSEND = YES;
				ENABLE_TESTABILITY = YES;
				GCC_C_LANGUAGE_STANDARD = gnu11;
				GCC_DYNAMIC_NO_PIC = NO;
				GCC_NO_COMMON_BLOCKS = YES;
				GCC_OPTIMIZATION_LEVEL = 0;
				GCC_PREPROCESSOR_DEFINITIONS = (
					"DEBUG=1",
					"$(inherited)",
				);
				GCC_WARN_64_TO_32_BIT_CONVERSION = YES;
				GCC_WARN_ABOUT_RETURN_TYPE = YES_ERROR;
				GCC_WARN_UNDECLARED_SELECTOR = YES;
				GCC_WARN_UNINITIALIZED_AUTOS = YES_AGGRESSIVE;
				GCC_WARN_UNUSED_FUNCTION = YES;
				GCC_WARN_UNUSED_VARIABLE = YES;
				IPHONEOS_DEPLOYMENT_TARGET = 16.1;
				MTL_ENABLE_DEBUG_INFO = INCLUDE_SOURCE;
				MTL_FAST_MATH = YES;
				ONLY_ACTIVE_ARCH = YES;
				SDKROOT = iphoneos;
				SWIFT_ACTIVE_COMPILATION_CONDITIONS = DEBUG;
				SWIFT_OPTIMIZATION_LEVEL = "-Onone";
			};
			name = Debug;
		};
		EB759D50291D6B9400F4D6C9 /* Release */ = {
			isa = XCBuildConfiguration;
			buildSettings = {
				ALWAYS_SEARCH_USER_PATHS = NO;
				CLANG_ANALYZER_NONNULL = YES;
				CLANG_ANALYZER_NUMBER_OBJECT_CONVERSION = YES_AGGRESSIVE;
				CLANG_CXX_LANGUAGE_STANDARD = "gnu++20";
				CLANG_ENABLE_MODULES = YES;
				CLANG_ENABLE_OBJC_ARC = YES;
				CLANG_ENABLE_OBJC_WEAK = YES;
				CLANG_WARN_BLOCK_CAPTURE_AUTORELEASING = YES;
				CLANG_WARN_BOOL_CONVERSION = YES;
				CLANG_WARN_COMMA = YES;
				CLANG_WARN_CONSTANT_CONVERSION = YES;
				CLANG_WARN_DEPRECATED_OBJC_IMPLEMENTATIONS = YES;
				CLANG_WARN_DIRECT_OBJC_ISA_USAGE = YES_ERROR;
				CLANG_WARN_DOCUMENTATION_COMMENTS = YES;
				CLANG_WARN_EMPTY_BODY = YES;
				CLANG_WARN_ENUM_CONVERSION = YES;
				CLANG_WARN_INFINITE_RECURSION = YES;
				CLANG_WARN_INT_CONVERSION = YES;
				CLANG_WARN_NON_LITERAL_NULL_CONVERSION = YES;
				CLANG_WARN_OBJC_IMPLICIT_RETAIN_SELF = YES;
				CLANG_WARN_OBJC_LITERAL_CONVERSION = YES;
				CLANG_WARN_OBJC_ROOT_CLASS = YES_ERROR;
				CLANG_WARN_QUOTED_INCLUDE_IN_FRAMEWORK_HEADER = YES;
				CLANG_WARN_RANGE_LOOP_ANALYSIS = YES;
				CLANG_WARN_STRICT_PROTOTYPES = YES;
				CLANG_WARN_SUSPICIOUS_MOVE = YES;
				CLANG_WARN_UNGUARDED_AVAILABILITY = YES_AGGRESSIVE;
				CLANG_WARN_UNREACHABLE_CODE = YES;
				CLANG_WARN__DUPLICATE_METHOD_MATCH = YES;
				COPY_PHASE_STRIP = NO;
				DEBUG_INFORMATION_FORMAT = "dwarf-with-dsym";
				ENABLE_NS_ASSERTIONS = NO;
				ENABLE_STRICT_OBJC_MSGSEND = YES;
				GCC_C_LANGUAGE_STANDARD = gnu11;
				GCC_NO_COMMON_BLOCKS = YES;
				GCC_WARN_64_TO_32_BIT_CONVERSION = YES;
				GCC_WARN_ABOUT_RETURN_TYPE = YES_ERROR;
				GCC_WARN_UNDECLARED_SELECTOR = YES;
				GCC_WARN_UNINITIALIZED_AUTOS = YES_AGGRESSIVE;
				GCC_WARN_UNUSED_FUNCTION = YES;
				GCC_WARN_UNUSED_VARIABLE = YES;
				IPHONEOS_DEPLOYMENT_TARGET = 16.1;
				MTL_ENABLE_DEBUG_INFO = NO;
				MTL_FAST_MATH = YES;
				SDKROOT = iphoneos;
				SWIFT_COMPILATION_MODE = wholemodule;
				SWIFT_OPTIMIZATION_LEVEL = "-O";
				VALIDATE_PRODUCT = YES;
			};
			name = Release;
		};
		EB759D52291D6B9400F4D6C9 /* Debug */ = {
			isa = XCBuildConfiguration;
			buildSettings = {
				ASSETCATALOG_COMPILER_APPICON_NAME = AppIcon;
				ASSETCATALOG_COMPILER_GLOBAL_ACCENT_COLOR_NAME = AccentColor;
				CODE_SIGN_STYLE = Automatic;
				CURRENT_PROJECT_VERSION = 1;
				GENERATE_INFOPLIST_FILE = YES;
				INFOPLIST_FILE = ResumoAulaCollectionViewAvancada/Info.plist;
				INFOPLIST_KEY_UIApplicationSupportsIndirectInputEvents = YES;
				INFOPLIST_KEY_UILaunchStoryboardName = LaunchScreen;
				INFOPLIST_KEY_UIMainStoryboardFile = Main;
				INFOPLIST_KEY_UISupportedInterfaceOrientations_iPad = "UIInterfaceOrientationPortrait UIInterfaceOrientationPortraitUpsideDown UIInterfaceOrientationLandscapeLeft UIInterfaceOrientationLandscapeRight";
				INFOPLIST_KEY_UISupportedInterfaceOrientations_iPhone = "UIInterfaceOrientationPortrait UIInterfaceOrientationLandscapeLeft UIInterfaceOrientationLandscapeRight";
				LD_RUNPATH_SEARCH_PATHS = (
					"$(inherited)",
					"@executable_path/Frameworks",
				);
				MARKETING_VERSION = 1.0;
				PRODUCT_BUNDLE_IDENTIFIER = backfronT.ResumoAulaCollectionViewAvancada;
				PRODUCT_NAME = "$(TARGET_NAME)";
				SWIFT_EMIT_LOC_STRINGS = YES;
				SWIFT_VERSION = 5.0;
				TARGETED_DEVICE_FAMILY = "1,2";
			};
			name = Debug;
		};
		EB759D53291D6B9400F4D6C9 /* Release */ = {
			isa = XCBuildConfiguration;
			buildSettings = {
				ASSETCATALOG_COMPILER_APPICON_NAME = AppIcon;
				ASSETCATALOG_COMPILER_GLOBAL_ACCENT_COLOR_NAME = AccentColor;
				CODE_SIGN_STYLE = Automatic;
				CURRENT_PROJECT_VERSION = 1;
				GENERATE_INFOPLIST_FILE = YES;
				INFOPLIST_FILE = ResumoAulaCollectionViewAvancada/Info.plist;
				INFOPLIST_KEY_UIApplicationSupportsIndirectInputEvents = YES;
				INFOPLIST_KEY_UILaunchStoryboardName = LaunchScreen;
				INFOPLIST_KEY_UIMainStoryboardFile = Main;
				INFOPLIST_KEY_UISupportedInterfaceOrientations_iPad = "UIInterfaceOrientationPortrait UIInterfaceOrientationPortraitUpsideDown UIInterfaceOrientationLandscapeLeft UIInterfaceOrientationLandscapeRight";
				INFOPLIST_KEY_UISupportedInterfaceOrientations_iPhone = "UIInterfaceOrientationPortrait UIInterfaceOrientationLandscapeLeft UIInterfaceOrientationLandscapeRight";
				LD_RUNPATH_SEARCH_PATHS = (
					"$(inherited)",
					"@executable_path/Frameworks",
				);
				MARKETING_VERSION = 1.0;
				PRODUCT_BUNDLE_IDENTIFIER = backfronT.ResumoAulaCollectionViewAvancada;
				PRODUCT_NAME = "$(TARGET_NAME)";
				SWIFT_EMIT_LOC_STRINGS = YES;
				SWIFT_VERSION = 5.0;
				TARGETED_DEVICE_FAMILY = "1,2";
			};
			name = Release;
		};
/* End XCBuildConfiguration section */

/* Begin XCConfigurationList section */
		EB759D38291D6B9200F4D6C9 /* Build configuration list for PBXProject "ResumoAulaCollectionViewAvancada" */ = {
			isa = XCConfigurationList;
			buildConfigurations = (
				EB759D4F291D6B9400F4D6C9 /* Debug */,
				EB759D50291D6B9400F4D6C9 /* Release */,
			);
			defaultConfigurationIsVisible = 0;
			defaultConfigurationName = Release;
		};
		EB759D51291D6B9400F4D6C9 /* Build configuration list for PBXNativeTarget "ResumoAulaCollectionViewAvancada" */ = {
			isa = XCConfigurationList;
			buildConfigurations = (
				EB759D52291D6B9400F4D6C9 /* Debug */,
				EB759D53291D6B9400F4D6C9 /* Release */,
			);
			defaultConfigurationIsVisible = 0;
			defaultConfigurationName = Release;
		};
/* End XCConfigurationList section */
	};
	rootObject = EB759D35291D6B9200F4D6C9 /* Project object */;
}
