// !$*UTF8*$!
{
	archiveVersion = 1;
	classes = {
	};
	objectVersion = 56;
	objects = {

/* Begin PBXBuildFile section */
		EB378AB72919E54F005DADF1 /* AppDelegate.swift in Sources */ = {isa = PBXBuildFile; fileRef = EB378AB62919E54F005DADF1 /* AppDelegate.swift */; };
		EB378AB92919E54F005DADF1 /* SceneDelegate.swift in Sources */ = {isa = PBXBuildFile; fileRef = EB378AB82919E54F005DADF1 /* SceneDelegate.swift */; };
		EB378ABB2919E54F005DADF1 /* ViewController.swift in Sources */ = {isa = PBXBuildFile; fileRef = EB378ABA2919E54F005DADF1 /* ViewController.swift */; };
		EB378ABE2919E54F005DADF1 /* Main.storyboard in Resources */ = {isa = PBXBuildFile; fileRef = EB378ABC2919E54F005DADF1 /* Main.storyboard */; };
		EB378AC02919E551005DADF1 /* Assets.xcassets in Resources */ = {isa = PBXBuildFile; fileRef = EB378ABF2919E551005DADF1 /* Assets.xcassets */; };
		EB378AC32919E551005DADF1 /* LaunchScreen.storyboard in Resources */ = {isa = PBXBuildFile; fileRef = EB378AC12919E551005DADF1 /* LaunchScreen.storyboard */; };
		EB378ACD2919E73F005DADF1 /* CarTableViewCell.swift in Sources */ = {isa = PBXBuildFile; fileRef = EB378ACB2919E73F005DADF1 /* CarTableViewCell.swift */; };
		EB378ACE2919E73F005DADF1 /* CarTableViewCell.xib in Resources */ = {isa = PBXBuildFile; fileRef = EB378ACC2919E73F005DADF1 /* CarTableViewCell.xib */; };
		EB759D2E291A853400F4D6C9 /* CustomCollectionViewCell.swift in Sources */ = {isa = PBXBuildFile; fileRef = EB759D2C291A853400F4D6C9 /* CustomCollectionViewCell.swift */; };
		EB759D2F291A853400F4D6C9 /* CustomCollectionViewCell.xib in Resources */ = {isa = PBXBuildFile; fileRef = EB759D2D291A853400F4D6C9 /* CustomCollectionViewCell.xib */; };
/* End PBXBuildFile section */

/* Begin PBXFileReference section */
		EB378AB32919E54F005DADF1 /* tableView+CollectionView.app */ = {isa = PBXFileReference; explicitFileType = wrapper.application; includeInIndex = 0; path = "tableView+CollectionView.app"; sourceTree = BUILT_PRODUCTS_DIR; };
		EB378AB62919E54F005DADF1 /* AppDelegate.swift */ = {isa = PBXFileReference; lastKnownFileType = sourcecode.swift; path = AppDelegate.swift; sourceTree = "<group>"; };
		EB378AB82919E54F005DADF1 /* SceneDelegate.swift */ = {isa = PBXFileReference; lastKnownFileType = sourcecode.swift; path = SceneDelegate.swift; sourceTree = "<group>"; };
		EB378ABA2919E54F005DADF1 /* ViewController.swift */ = {isa = PBXFileReference; lastKnownFileType = sourcecode.swift; path = ViewController.swift; sourceTree = "<group>"; };
		EB378ABD2919E54F005DADF1 /* Base */ = {isa = PBXFileReference; lastKnownFileType = file.storyboard; name = Base; path = Base.lproj/Main.storyboard; sourceTree = "<group>"; };
		EB378ABF2919E551005DADF1 /* Assets.xcassets */ = {isa = PBXFileReference; lastKnownFileType = folder.assetcatalog; path = Assets.xcassets; sourceTree = "<group>"; };
		EB378AC22919E551005DADF1 /* Base */ = {isa = PBXFileReference; lastKnownFileType = file.storyboard; name = Base; path = Base.lproj/LaunchScreen.storyboard; sourceTree = "<group>"; };
		EB378AC42919E551005DADF1 /* Info.plist */ = {isa = PBXFileReference; lastKnownFileType = text.plist.xml; path = Info.plist; sourceTree = "<group>"; };
		EB378ACB2919E73F005DADF1 /* CarTableViewCell.swift */ = {isa = PBXFileReference; lastKnownFileType = sourcecode.swift; path = CarTableViewCell.swift; sourceTree = "<group>"; };
		EB378ACC2919E73F005DADF1 /* CarTableViewCell.xib */ = {isa = PBXFileReference; lastKnownFileType = file.xib; path = CarTableViewCell.xib; sourceTree = "<group>"; };
		EB759D2C291A853400F4D6C9 /* CustomCollectionViewCell.swift */ = {isa = PBXFileReference; lastKnownFileType = sourcecode.swift; path = CustomCollectionViewCell.swift; sourceTree = "<group>"; };
		EB759D2D291A853400F4D6C9 /* CustomCollectionViewCell.xib */ = {isa = PBXFileReference; lastKnownFileType = file.xib; path = CustomCollectionViewCell.xib; sourceTree = "<group>"; };
/* End PBXFileReference section */

/* Begin PBXFrameworksBuildPhase section */
		EB378AB02919E54F005DADF1 /* Frameworks */ = {
			isa = PBXFrameworksBuildPhase;
			buildActionMask = 2147483647;
			files = (
			);
			runOnlyForDeploymentPostprocessing = 0;
		};
/* End PBXFrameworksBuildPhase section */

/* Begin PBXGroup section */
		EB378AAA2919E54F005DADF1 = {
			isa = PBXGroup;
			children = (
				EB378AB52919E54F005DADF1 /* tableView+CollectionView */,
				EB378AB42919E54F005DADF1 /* Products */,
			);
			sourceTree = "<group>";
		};
		EB378AB42919E54F005DADF1 /* Products */ = {
			isa = PBXGroup;
			children = (
				EB378AB32919E54F005DADF1 /* tableView+CollectionView.app */,
			);
			name = Products;
			sourceTree = "<group>";
		};
		EB378AB52919E54F005DADF1 /* tableView+CollectionView */ = {
			isa = PBXGroup;
			children = (
				EB378ACA2919E706005DADF1 /* Cell */,
				EB378AB62919E54F005DADF1 /* AppDelegate.swift */,
				EB378AB82919E54F005DADF1 /* SceneDelegate.swift */,
				EB378ABA2919E54F005DADF1 /* ViewController.swift */,
				EB378ABC2919E54F005DADF1 /* Main.storyboard */,
				EB378ABF2919E551005DADF1 /* Assets.xcassets */,
				EB378AC12919E551005DADF1 /* LaunchScreen.storyboard */,
				EB378AC42919E551005DADF1 /* Info.plist */,
			);
			path = "tableView+CollectionView";
			sourceTree = "<group>";
		};
		EB378ACA2919E706005DADF1 /* Cell */ = {
			isa = PBXGroup;
			children = (
				EB378ACB2919E73F005DADF1 /* CarTableViewCell.swift */,
				EB378ACC2919E73F005DADF1 /* CarTableViewCell.xib */,
				EB759D2C291A853400F4D6C9 /* CustomCollectionViewCell.swift */,
				EB759D2D291A853400F4D6C9 /* CustomCollectionViewCell.xib */,
			);
			path = Cell;
			sourceTree = "<group>";
		};
/* End PBXGroup section */

/* Begin PBXNativeTarget section */
		EB378AB22919E54F005DADF1 /* tableView+CollectionView */ = {
			isa = PBXNativeTarget;
			buildConfigurationList = EB378AC72919E551005DADF1 /* Build configuration list for PBXNativeTarget "tableView+CollectionView" */;
			buildPhases = (
				EB378AAF2919E54F005DADF1 /* Sources */,
				EB378AB02919E54F005DADF1 /* Frameworks */,
				EB378AB12919E54F005DADF1 /* Resources */,
			);
			buildRules = (
			);
			dependencies = (
			);
			name = "tableView+CollectionView";
			productName = "tableView+CollectionView";
			productReference = EB378AB32919E54F005DADF1 /* tableView+CollectionView.app */;
			productType = "com.apple.product-type.application";
		};
/* End PBXNativeTarget section */

/* Begin PBXProject section */
		EB378AAB2919E54F005DADF1 /* Project object */ = {
			isa = PBXProject;
			attributes = {
				BuildIndependentTargetsInParallel = 1;
				LastSwiftUpdateCheck = 1410;
				LastUpgradeCheck = 1410;
				TargetAttributes = {
					EB378AB22919E54F005DADF1 = {
						CreatedOnToolsVersion = 14.1;
					};
				};
			};
			buildConfigurationList = EB378AAE2919E54F005DADF1 /* Build configuration list for PBXProject "tableView+CollectionView" */;
			compatibilityVersion = "Xcode 14.0";
			developmentRegion = en;
			hasScannedForEncodings = 0;
			knownRegions = (
				en,
				Base,
			);
			mainGroup = EB378AAA2919E54F005DADF1;
			productRefGroup = EB378AB42919E54F005DADF1 /* Products */;
			projectDirPath = "";
			projectRoot = "";
			targets = (
				EB378AB22919E54F005DADF1 /* tableView+CollectionView */,
			);
		};
/* End PBXProject section */

/* Begin PBXResourcesBuildPhase section */
		EB378AB12919E54F005DADF1 /* Resources */ = {
			isa = PBXResourcesBuildPhase;
			buildActionMask = 2147483647;
			files = (
				EB378AC32919E551005DADF1 /* LaunchScreen.storyboard in Resources */,
				EB378AC02919E551005DADF1 /* Assets.xcassets in Resources */,
				EB378ACE2919E73F005DADF1 /* CarTableViewCell.xib in Resources */,
				EB759D2F291A853400F4D6C9 /* CustomCollectionViewCell.xib in Resources */,
				EB378ABE2919E54F005DADF1 /* Main.storyboard in Resources */,
			);
			runOnlyForDeploymentPostprocessing = 0;
		};
/* End PBXResourcesBuildPhase section */

/* Begin PBXSourcesBuildPhase section */
		EB378AAF2919E54F005DADF1 /* Sources */ = {
			isa = PBXSourcesBuildPhase;
			buildActionMask = 2147483647;
			files = (
				EB378ABB2919E54F005DADF1 /* ViewController.swift in Sources */,
				EB759D2E291A853400F4D6C9 /* CustomCollectionViewCell.swift in Sources */,
				EB378AB72919E54F005DADF1 /* AppDelegate.swift in Sources */,
				EB378ACD2919E73F005DADF1 /* CarTableViewCell.swift in Sources */,
				EB378AB92919E54F005DADF1 /* SceneDelegate.swift in Sources */,
			);
			runOnlyForDeploymentPostprocessing = 0;
		};
/* End PBXSourcesBuildPhase section */

/* Begin PBXVariantGroup section */
		EB378ABC2919E54F005DADF1 /* Main.storyboard */ = {
			isa = PBXVariantGroup;
			children = (
				EB378ABD2919E54F005DADF1 /* Base */,
			);
			name = Main.storyboard;
			sourceTree = "<group>";
		};
		EB378AC12919E551005DADF1 /* LaunchScreen.storyboard */ = {
			isa = PBXVariantGroup;
			children = (
				EB378AC22919E551005DADF1 /* Base */,
			);
			name = LaunchScreen.storyboard;
			sourceTree = "<group>";
		};
/* End PBXVariantGroup section */

/* Begin XCBuildConfiguration section */
		EB378AC52919E551005DADF1 /* Debug */ = {
			isa = XCBuildConfiguration;
			buildSettings = {
				ALWAYS_SEARCH_USER_PATHS = NO;
				CLANG_ANALYZER_NONNULL = YES;
				CLANG_ANALYZER_NUMBER_OBJECT_CONVERSION = YES_AGGRESSIVE;
				CLANG_CXX_LANGUAGE_STANDARD = "gnu++20";
				CLANG_ENABLE_MODULES = YES;
				CLANG_ENABLE_OBJC_ARC = YES;
				CLANG_ENABLE_OBJC_WEAK = YES;
				CLANG_WARN_BLOCK_CAPTURE_AUTORELEASING = YES;
				CLANG_WARN_BOOL_CONVERSION = YES;
				CLANG_WARN_COMMA = YES;
				CLANG_WARN_CONSTANT_CONVERSION = YES;
				CLANG_WARN_DEPRECATED_OBJC_IMPLEMENTATIONS = YES;
				CLANG_WARN_DIRECT_OBJC_ISA_USAGE = YES_ERROR;
				CLANG_WARN_DOCUMENTATION_COMMENTS = YES;
				CLANG_WARN_EMPTY_BODY = YES;
				CLANG_WARN_ENUM_CONVERSION = YES;
				CLANG_WARN_INFINITE_RECURSION = YES;
				CLANG_WARN_INT_CONVERSION = YES;
				CLANG_WARN_NON_LITERAL_NULL_CONVERSION = YES;
				CLANG_WARN_OBJC_IMPLICIT_RETAIN_SELF = YES;
				CLANG_WARN_OBJC_LITERAL_CONVERSION = YES;
				CLANG_WARN_OBJC_ROOT_CLASS = YES_ERROR;
				CLANG_WARN_QUOTED_INCLUDE_IN_FRAMEWORK_HEADER = YES;
				CLANG_WARN_RANGE_LOOP_ANALYSIS = YES;
				CLANG_WARN_STRICT_PROTOTYPES = YES;
				CLANG_WARN_SUSPICIOUS_MOVE = YES;
				CLANG_WARN_UNGUARDED_AVAILABILITY = YES_AGGRESSIVE;
				CLANG_WARN_UNREACHABLE_CODE = YES;
				CLANG_WARN__DUPLICATE_METHOD_MATCH = YES;
				COPY_PHASE_STRIP = NO;
				DEBUG_INFORMATION_FORMAT = dwarf;
				ENABLE_STRICT_OBJC_MSGSEND = YES;
				ENABLE_TESTABILITY = YES;
				GCC_C_LANGUAGE_STANDARD = gnu11;
				GCC_DYNAMIC_NO_PIC = NO;
				GCC_NO_COMMON_BLOCKS = YES;
				GCC_OPTIMIZATION_LEVEL = 0;
				GCC_PREPROCESSOR_DEFINITIONS = (
					"DEBUG=1",
					"$(inherited)",
				);
				GCC_WARN_64_TO_32_BIT_CONVERSION = YES;
				GCC_WARN_ABOUT_RETURN_TYPE = YES_ERROR;
				GCC_WARN_UNDECLARED_SELECTOR = YES;
				GCC_WARN_UNINITIALIZED_AUTOS = YES_AGGRESSIVE;
				GCC_WARN_UNUSED_FUNCTION = YES;
				GCC_WARN_UNUSED_VARIABLE = YES;
				IPHONEOS_DEPLOYMENT_TARGET = 16.1;
				MTL_ENABLE_DEBUG_INFO = INCLUDE_SOURCE;
				MTL_FAST_MATH = YES;
				ONLY_ACTIVE_ARCH = YES;
				SDKROOT = iphoneos;
				SWIFT_ACTIVE_COMPILATION_CONDITIONS = DEBUG;
				SWIFT_OPTIMIZATION_LEVEL = "-Onone";
			};
			name = Debug;
		};
		EB378AC62919E551005DADF1 /* Release */ = {
			isa = XCBuildConfiguration;
			buildSettings = {
				ALWAYS_SEARCH_USER_PATHS = NO;
				CLANG_ANALYZER_NONNULL = YES;
				CLANG_ANALYZER_NUMBER_OBJECT_CONVERSION = YES_AGGRESSIVE;
				CLANG_CXX_LANGUAGE_STANDARD = "gnu++20";
				CLANG_ENABLE_MODULES = YES;
				CLANG_ENABLE_OBJC_ARC = YES;
				CLANG_ENABLE_OBJC_WEAK = YES;
				CLANG_WARN_BLOCK_CAPTURE_AUTORELEASING = YES;
				CLANG_WARN_BOOL_CONVERSION = YES;
				CLANG_WARN_COMMA = YES;
				CLANG_WARN_CONSTANT_CONVERSION = YES;
				CLANG_WARN_DEPRECATED_OBJC_IMPLEMENTATIONS = YES;
				CLANG_WARN_DIRECT_OBJC_ISA_USAGE = YES_ERROR;
				CLANG_WARN_DOCUMENTATION_COMMENTS = YES;
				CLANG_WARN_EMPTY_BODY = YES;
				CLANG_WARN_ENUM_CONVERSION = YES;
				CLANG_WARN_INFINITE_RECURSION = YES;
				CLANG_WARN_INT_CONVERSION = YES;
				CLANG_WARN_NON_LITERAL_NULL_CONVERSION = YES;
				CLANG_WARN_OBJC_IMPLICIT_RETAIN_SELF = YES;
				CLANG_WARN_OBJC_LITERAL_CONVERSION = YES;
				CLANG_WARN_OBJC_ROOT_CLASS = YES_ERROR;
				CLANG_WARN_QUOTED_INCLUDE_IN_FRAMEWORK_HEADER = YES;
				CLANG_WARN_RANGE_LOOP_ANALYSIS = YES;
				CLANG_WARN_STRICT_PROTOTYPES = YES;
				CLANG_WARN_SUSPICIOUS_MOVE = YES;
				CLANG_WARN_UNGUARDED_AVAILABILITY = YES_AGGRESSIVE;
				CLANG_WARN_UNREACHABLE_CODE = YES;
				CLANG_WARN__DUPLICATE_METHOD_MATCH = YES;
				COPY_PHASE_STRIP = NO;
				DEBUG_INFORMATION_FORMAT = "dwarf-with-dsym";
				ENABLE_NS_ASSERTIONS = NO;
				ENABLE_STRICT_OBJC_MSGSEND = YES;
				GCC_C_LANGUAGE_STANDARD = gnu11;
				GCC_NO_COMMON_BLOCKS = YES;
				GCC_WARN_64_TO_32_BIT_CONVERSION = YES;
				GCC_WARN_ABOUT_RETURN_TYPE = YES_ERROR;
				GCC_WARN_UNDECLARED_SELECTOR = YES;
				GCC_WARN_UNINITIALIZED_AUTOS = YES_AGGRESSIVE;
				GCC_WARN_UNUSED_FUNCTION = YES;
				GCC_WARN_UNUSED_VARIABLE = YES;
				IPHONEOS_DEPLOYMENT_TARGET = 16.1;
				MTL_ENABLE_DEBUG_INFO = NO;
				MTL_FAST_MATH = YES;
				SDKROOT = iphoneos;
				SWIFT_COMPILATION_MODE = wholemodule;
				SWIFT_OPTIMIZATION_LEVEL = "-O";
				VALIDATE_PRODUCT = YES;
			};
			name = Release;
		};
		EB378AC82919E551005DADF1 /* Debug */ = {
			isa = XCBuildConfiguration;
			buildSettings = {
				ASSETCATALOG_COMPILER_APPICON_NAME = AppIcon;
				ASSETCATALOG_COMPILER_GLOBAL_ACCENT_COLOR_NAME = AccentColor;
				CODE_SIGN_STYLE = Automatic;
				CURRENT_PROJECT_VERSION = 1;
				GENERATE_INFOPLIST_FILE = YES;
				INFOPLIST_FILE = "tableView+CollectionView/Info.plist";
				INFOPLIST_KEY_UIApplicationSupportsIndirectInputEvents = YES;
				INFOPLIST_KEY_UILaunchStoryboardName = LaunchScreen;
				INFOPLIST_KEY_UIMainStoryboardFile = Main;
				INFOPLIST_KEY_UISupportedInterfaceOrientations_iPad = "UIInterfaceOrientationPortrait UIInterfaceOrientationPortraitUpsideDown UIInterfaceOrientationLandscapeLeft UIInterfaceOrientationLandscapeRight";
				INFOPLIST_KEY_UISupportedInterfaceOrientations_iPhone = "UIInterfaceOrientationPortrait UIInterfaceOrientationLandscapeLeft UIInterfaceOrientationLandscapeRight";
				LD_RUNPATH_SEARCH_PATHS = (
					"$(inherited)",
					"@executable_path/Frameworks",
				);
				MARKETING_VERSION = 1.0;
				PRODUCT_BUNDLE_IDENTIFIER = "backfronT.tableView-CollectionView";
				PRODUCT_NAME = "$(TARGET_NAME)";
				SWIFT_EMIT_LOC_STRINGS = YES;
				SWIFT_VERSION = 5.0;
				TARGETED_DEVICE_FAMILY = "1,2";
			};
			name = Debug;
		};
		EB378AC92919E551005DADF1 /* Release */ = {
			isa = XCBuildConfiguration;
			buildSettings = {
				ASSETCATALOG_COMPILER_APPICON_NAME = AppIcon;
				ASSETCATALOG_COMPILER_GLOBAL_ACCENT_COLOR_NAME = AccentColor;
				CODE_SIGN_STYLE = Automatic;
				CURRENT_PROJECT_VERSION = 1;
				GENERATE_INFOPLIST_FILE = YES;
				INFOPLIST_FILE = "tableView+CollectionView/Info.plist";
				INFOPLIST_KEY_UIApplicationSupportsIndirectInputEvents = YES;
				INFOPLIST_KEY_UILaunchStoryboardName = LaunchScreen;
				INFOPLIST_KEY_UIMainStoryboardFile = Main;
				INFOPLIST_KEY_UISupportedInterfaceOrientations_iPad = "UIInterfaceOrientationPortrait UIInterfaceOrientationPortraitUpsideDown UIInterfaceOrientationLandscapeLeft UIInterfaceOrientationLandscapeRight";
				INFOPLIST_KEY_UISupportedInterfaceOrientations_iPhone = "UIInterfaceOrientationPortrait UIInterfaceOrientationLandscapeLeft UIInterfaceOrientationLandscapeRight";
				LD_RUNPATH_SEARCH_PATHS = (
					"$(inherited)",
					"@executable_path/Frameworks",
				);
				MARKETING_VERSION = 1.0;
				PRODUCT_BUNDLE_IDENTIFIER = "backfronT.tableView-CollectionView";
				PRODUCT_NAME = "$(TARGET_NAME)";
				SWIFT_EMIT_LOC_STRINGS = YES;
				SWIFT_VERSION = 5.0;
				TARGETED_DEVICE_FAMILY = "1,2";
			};
			name = Release;
		};
/* End XCBuildConfiguration section */

/* Begin XCConfigurationList section */
		EB378AAE2919E54F005DADF1 /* Build configuration list for PBXProject "tableView+CollectionView" */ = {
			isa = XCConfigurationList;
			buildConfigurations = (
				EB378AC52919E551005DADF1 /* Debug */,
				EB378AC62919E551005DADF1 /* Release */,
			);
			defaultConfigurationIsVisible = 0;
			defaultConfigurationName = Release;
		};
		EB378AC72919E551005DADF1 /* Build configuration list for PBXNativeTarget "tableView+CollectionView" */ = {
			isa = XCConfigurationList;
			buildConfigurations = (
				EB378AC82919E551005DADF1 /* Debug */,
				EB378AC92919E551005DADF1 /* Release */,
			);
			defaultConfigurationIsVisible = 0;
			defaultConfigurationName = Release;
		};
/* End XCConfigurationList section */
	};
	rootObject = EB378AAB2919E54F005DADF1 /* Project object */;
}
