// !$*UTF8*$!
{
	archiveVersion = 1;
	classes = {
	};
	objectVersion = 56;
	objects = {

/* Begin PBXBuildFile section */
		EB759DEA291DBD7C00F4D6C9 /* AppDelegate.swift in Sources */ = {isa = PBXBuildFile; fileRef = EB759DE9291DBD7C00F4D6C9 /* AppDelegate.swift */; };
		EB759DEC291DBD7C00F4D6C9 /* SceneDelegate.swift in Sources */ = {isa = PBXBuildFile; fileRef = EB759DEB291DBD7C00F4D6C9 /* SceneDelegate.swift */; };
		EB759DEE291DBD7C00F4D6C9 /* Tela01ViewController.swift in Sources */ = {isa = PBXBuildFile; fileRef = EB759DED291DBD7C00F4D6C9 /* Tela01ViewController.swift */; };
		EB759DF1291DBD7C00F4D6C9 /* Main.storyboard in Resources */ = {isa = PBXBuildFile; fileRef = EB759DEF291DBD7C00F4D6C9 /* Main.storyboard */; };
		EB759DF3291DBD7E00F4D6C9 /* Assets.xcassets in Resources */ = {isa = PBXBuildFile; fileRef = EB759DF2291DBD7E00F4D6C9 /* Assets.xcassets */; };
		EB759DF6291DBD7E00F4D6C9 /* LaunchScreen.storyboard in Resources */ = {isa = PBXBuildFile; fileRef = EB759DF4291DBD7E00F4D6C9 /* LaunchScreen.storyboard */; };
		EB759E00291DC13A00F4D6C9 /* Tela02ViewController.swift in Sources */ = {isa = PBXBuildFile; fileRef = EB759DFF291DC13A00F4D6C9 /* Tela02ViewController.swift */; };
		EB759E02291DC15A00F4D6C9 /* Tela03ViewController.swift in Sources */ = {isa = PBXBuildFile; fileRef = EB759E01291DC15A00F4D6C9 /* Tela03ViewController.swift */; };
		EB759E04291DC2BC00F4D6C9 /* TabBarController.swift in Sources */ = {isa = PBXBuildFile; fileRef = EB759E03291DC2BC00F4D6C9 /* TabBarController.swift */; };
		EB759E07291DD42600F4D6C9 /* Perfil.swift in Sources */ = {isa = PBXBuildFile; fileRef = EB759E06291DD42600F4D6C9 /* Perfil.swift */; };
		EB759E0B291DD4C300F4D6C9 /* CustomTableViewCell.swift in Sources */ = {isa = PBXBuildFile; fileRef = EB759E09291DD4C300F4D6C9 /* CustomTableViewCell.swift */; };
		EB759E0C291DD4C300F4D6C9 /* CustomTableViewCell.xib in Resources */ = {isa = PBXBuildFile; fileRef = EB759E0A291DD4C300F4D6C9 /* CustomTableViewCell.xib */; };
/* End PBXBuildFile section */

/* Begin PBXFileReference section */
		EB759DE6291DBD7C00F4D6C9 /* tabbar.app */ = {isa = PBXFileReference; explicitFileType = wrapper.application; includeInIndex = 0; path = tabbar.app; sourceTree = BUILT_PRODUCTS_DIR; };
		EB759DE9291DBD7C00F4D6C9 /* AppDelegate.swift */ = {isa = PBXFileReference; lastKnownFileType = sourcecode.swift; path = AppDelegate.swift; sourceTree = "<group>"; };
		EB759DEB291DBD7C00F4D6C9 /* SceneDelegate.swift */ = {isa = PBXFileReference; lastKnownFileType = sourcecode.swift; path = SceneDelegate.swift; sourceTree = "<group>"; };
		EB759DED291DBD7C00F4D6C9 /* Tela01ViewController.swift */ = {isa = PBXFileReference; lastKnownFileType = sourcecode.swift; path = Tela01ViewController.swift; sourceTree = "<group>"; };
		EB759DF0291DBD7C00F4D6C9 /* Base */ = {isa = PBXFileReference; lastKnownFileType = file.storyboard; name = Base; path = Base.lproj/Main.storyboard; sourceTree = "<group>"; };
		EB759DF2291DBD7E00F4D6C9 /* Assets.xcassets */ = {isa = PBXFileReference; lastKnownFileType = folder.assetcatalog; path = Assets.xcassets; sourceTree = "<group>"; };
		EB759DF5291DBD7E00F4D6C9 /* Base */ = {isa = PBXFileReference; lastKnownFileType = file.storyboard; name = Base; path = Base.lproj/LaunchScreen.storyboard; sourceTree = "<group>"; };
		EB759DF7291DBD7E00F4D6C9 /* Info.plist */ = {isa = PBXFileReference; lastKnownFileType = text.plist.xml; path = Info.plist; sourceTree = "<group>"; };
		EB759DFF291DC13A00F4D6C9 /* Tela02ViewController.swift */ = {isa = PBXFileReference; lastKnownFileType = sourcecode.swift; path = Tela02ViewController.swift; sourceTree = "<group>"; };
		EB759E01291DC15A00F4D6C9 /* Tela03ViewController.swift */ = {isa = PBXFileReference; lastKnownFileType = sourcecode.swift; path = Tela03ViewController.swift; sourceTree = "<group>"; };
		EB759E03291DC2BC00F4D6C9 /* TabBarController.swift */ = {isa = PBXFileReference; lastKnownFileType = sourcecode.swift; path = TabBarController.swift; sourceTree = "<group>"; };
		EB759E06291DD42600F4D6C9 /* Perfil.swift */ = {isa = PBXFileReference; lastKnownFileType = sourcecode.swift; path = Perfil.swift; sourceTree = "<group>"; };
		EB759E09291DD4C300F4D6C9 /* CustomTableViewCell.swift */ = {isa = PBXFileReference; lastKnownFileType = sourcecode.swift; path = CustomTableViewCell.swift; sourceTree = "<group>"; };
		EB759E0A291DD4C300F4D6C9 /* CustomTableViewCell.xib */ = {isa = PBXFileReference; lastKnownFileType = file.xib; path = CustomTableViewCell.xib; sourceTree = "<group>"; };
/* End PBXFileReference section */

/* Begin PBXFrameworksBuildPhase section */
		EB759DE3291DBD7C00F4D6C9 /* Frameworks */ = {
			isa = PBXFrameworksBuildPhase;
			buildActionMask = 2147483647;
			files = (
			);
			runOnlyForDeploymentPostprocessing = 0;
		};
/* End PBXFrameworksBuildPhase section */

/* Begin PBXGroup section */
		EB759DDD291DBD7C00F4D6C9 = {
			isa = PBXGroup;
			children = (
				EB759DE8291DBD7C00F4D6C9 /* tabbar */,
				EB759DE7291DBD7C00F4D6C9 /* Products */,
			);
			sourceTree = "<group>";
		};
		EB759DE7291DBD7C00F4D6C9 /* Products */ = {
			isa = PBXGroup;
			children = (
				EB759DE6291DBD7C00F4D6C9 /* tabbar.app */,
			);
			name = Products;
			sourceTree = "<group>";
		};
		EB759DE8291DBD7C00F4D6C9 /* tabbar */ = {
			isa = PBXGroup;
			children = (
				EB759E08291DD49F00F4D6C9 /* Cell */,
				EB759E05291DD40500F4D6C9 /* Model */,
				EB759DE9291DBD7C00F4D6C9 /* AppDelegate.swift */,
				EB759DEB291DBD7C00F4D6C9 /* SceneDelegate.swift */,
				EB759DED291DBD7C00F4D6C9 /* Tela01ViewController.swift */,
				EB759DFF291DC13A00F4D6C9 /* Tela02ViewController.swift */,
				EB759E01291DC15A00F4D6C9 /* Tela03ViewController.swift */,
				EB759DEF291DBD7C00F4D6C9 /* Main.storyboard */,
				EB759DF2291DBD7E00F4D6C9 /* Assets.xcassets */,
				EB759DF4291DBD7E00F4D6C9 /* LaunchScreen.storyboard */,
				EB759DF7291DBD7E00F4D6C9 /* Info.plist */,
				EB759E03291DC2BC00F4D6C9 /* TabBarController.swift */,
			);
			path = tabbar;
			sourceTree = "<group>";
		};
		EB759E05291DD40500F4D6C9 /* Model */ = {
			isa = PBXGroup;
			children = (
				EB759E06291DD42600F4D6C9 /* Perfil.swift */,
			);
			path = Model;
			sourceTree = "<group>";
		};
		EB759E08291DD49F00F4D6C9 /* Cell */ = {
			isa = PBXGroup;
			children = (
				EB759E09291DD4C300F4D6C9 /* CustomTableViewCell.swift */,
				EB759E0A291DD4C300F4D6C9 /* CustomTableViewCell.xib */,
			);
			path = Cell;
			sourceTree = "<group>";
		};
/* End PBXGroup section */

/* Begin PBXNativeTarget section */
		EB759DE5291DBD7C00F4D6C9 /* tabbar */ = {
			isa = PBXNativeTarget;
			buildConfigurationList = EB759DFA291DBD7E00F4D6C9 /* Build configuration list for PBXNativeTarget "tabbar" */;
			buildPhases = (
				EB759DE2291DBD7C00F4D6C9 /* Sources */,
				EB759DE3291DBD7C00F4D6C9 /* Frameworks */,
				EB759DE4291DBD7C00F4D6C9 /* Resources */,
			);
			buildRules = (
			);
			dependencies = (
			);
			name = tabbar;
			productName = tabbar;
			productReference = EB759DE6291DBD7C00F4D6C9 /* tabbar.app */;
			productType = "com.apple.product-type.application";
		};
/* End PBXNativeTarget section */

/* Begin PBXProject section */
		EB759DDE291DBD7C00F4D6C9 /* Project object */ = {
			isa = PBXProject;
			attributes = {
				BuildIndependentTargetsInParallel = 1;
				LastSwiftUpdateCheck = 1410;
				LastUpgradeCheck = 1410;
				TargetAttributes = {
					EB759DE5291DBD7C00F4D6C9 = {
						CreatedOnToolsVersion = 14.1;
					};
				};
			};
			buildConfigurationList = EB759DE1291DBD7C00F4D6C9 /* Build configuration list for PBXProject "tabbar" */;
			compatibilityVersion = "Xcode 14.0";
			developmentRegion = en;
			hasScannedForEncodings = 0;
			knownRegions = (
				en,
				Base,
			);
			mainGroup = EB759DDD291DBD7C00F4D6C9;
			productRefGroup = EB759DE7291DBD7C00F4D6C9 /* Products */;
			projectDirPath = "";
			projectRoot = "";
			targets = (
				EB759DE5291DBD7C00F4D6C9 /* tabbar */,
			);
		};
/* End PBXProject section */

/* Begin PBXResourcesBuildPhase section */
		EB759DE4291DBD7C00F4D6C9 /* Resources */ = {
			isa = PBXResourcesBuildPhase;
			buildActionMask = 2147483647;
			files = (
				EB759DF6291DBD7E00F4D6C9 /* LaunchScreen.storyboard in Resources */,
				EB759DF3291DBD7E00F4D6C9 /* Assets.xcassets in Resources */,
				EB759E0C291DD4C300F4D6C9 /* CustomTableViewCell.xib in Resources */,
				EB759DF1291DBD7C00F4D6C9 /* Main.storyboard in Resources */,
			);
			runOnlyForDeploymentPostprocessing = 0;
		};
/* End PBXResourcesBuildPhase section */

/* Begin PBXSourcesBuildPhase section */
		EB759DE2291DBD7C00F4D6C9 /* Sources */ = {
			isa = PBXSourcesBuildPhase;
			buildActionMask = 2147483647;
			files = (
				EB759E00291DC13A00F4D6C9 /* Tela02ViewController.swift in Sources */,
				EB759E07291DD42600F4D6C9 /* Perfil.swift in Sources */,
				EB759E0B291DD4C300F4D6C9 /* CustomTableViewCell.swift in Sources */,
				EB759DEE291DBD7C00F4D6C9 /* Tela01ViewController.swift in Sources */,
				EB759DEA291DBD7C00F4D6C9 /* AppDelegate.swift in Sources */,
				EB759E04291DC2BC00F4D6C9 /* TabBarController.swift in Sources */,
				EB759DEC291DBD7C00F4D6C9 /* SceneDelegate.swift in Sources */,
				EB759E02291DC15A00F4D6C9 /* Tela03ViewController.swift in Sources */,
			);
			runOnlyForDeploymentPostprocessing = 0;
		};
/* End PBXSourcesBuildPhase section */

/* Begin PBXVariantGroup section */
		EB759DEF291DBD7C00F4D6C9 /* Main.storyboard */ = {
			isa = PBXVariantGroup;
			children = (
				EB759DF0291DBD7C00F4D6C9 /* Base */,
			);
			name = Main.storyboard;
			sourceTree = "<group>";
		};
		EB759DF4291DBD7E00F4D6C9 /* LaunchScreen.storyboard */ = {
			isa = PBXVariantGroup;
			children = (
				EB759DF5291DBD7E00F4D6C9 /* Base */,
			);
			name = LaunchScreen.storyboard;
			sourceTree = "<group>";
		};
/* End PBXVariantGroup section */

/* Begin XCBuildConfiguration section */
		EB759DF8291DBD7E00F4D6C9 /* Debug */ = {
			isa = XCBuildConfiguration;
			buildSettings = {
				ALWAYS_SEARCH_USER_PATHS = NO;
				CLANG_ANALYZER_NONNULL = YES;
				CLANG_ANALYZER_NUMBER_OBJECT_CONVERSION = YES_AGGRESSIVE;
				CLANG_CXX_LANGUAGE_STANDARD = "gnu++20";
				CLANG_ENABLE_MODULES = YES;
				CLANG_ENABLE_OBJC_ARC = YES;
				CLANG_ENABLE_OBJC_WEAK = YES;
				CLANG_WARN_BLOCK_CAPTURE_AUTORELEASING = YES;
				CLANG_WARN_BOOL_CONVERSION = YES;
				CLANG_WARN_COMMA = YES;
				CLANG_WARN_CONSTANT_CONVERSION = YES;
				CLANG_WARN_DEPRECATED_OBJC_IMPLEMENTATIONS = YES;
				CLANG_WARN_DIRECT_OBJC_ISA_USAGE = YES_ERROR;
				CLANG_WARN_DOCUMENTATION_COMMENTS = YES;
				CLANG_WARN_EMPTY_BODY = YES;
				CLANG_WARN_ENUM_CONVERSION = YES;
				CLANG_WARN_INFINITE_RECURSION = YES;
				CLANG_WARN_INT_CONVERSION = YES;
				CLANG_WARN_NON_LITERAL_NULL_CONVERSION = YES;
				CLANG_WARN_OBJC_IMPLICIT_RETAIN_SELF = YES;
				CLANG_WARN_OBJC_LITERAL_CONVERSION = YES;
				CLANG_WARN_OBJC_ROOT_CLASS = YES_ERROR;
				CLANG_WARN_QUOTED_INCLUDE_IN_FRAMEWORK_HEADER = YES;
				CLANG_WARN_RANGE_LOOP_ANALYSIS = YES;
				CLANG_WARN_STRICT_PROTOTYPES = YES;
				CLANG_WARN_SUSPICIOUS_MOVE = YES;
				CLANG_WARN_UNGUARDED_AVAILABILITY = YES_AGGRESSIVE;
				CLANG_WARN_UNREACHABLE_CODE = YES;
				CLANG_WARN__DUPLICATE_METHOD_MATCH = YES;
				COPY_PHASE_STRIP = NO;
				DEBUG_INFORMATION_FORMAT = dwarf;
				ENABLE_STRICT_OBJC_MSGSEND = YES;
				ENABLE_TESTABILITY = YES;
				GCC_C_LANGUAGE_STANDARD = gnu11;
				GCC_DYNAMIC_NO_PIC = NO;
				GCC_NO_COMMON_BLOCKS = YES;
				GCC_OPTIMIZATION_LEVEL = 0;
				GCC_PREPROCESSOR_DEFINITIONS = (
					"DEBUG=1",
					"$(inherited)",
				);
				GCC_WARN_64_TO_32_BIT_CONVERSION = YES;
				GCC_WARN_ABOUT_RETURN_TYPE = YES_ERROR;
				GCC_WARN_UNDECLARED_SELECTOR = YES;
				GCC_WARN_UNINITIALIZED_AUTOS = YES_AGGRESSIVE;
				GCC_WARN_UNUSED_FUNCTION = YES;
				GCC_WARN_UNUSED_VARIABLE = YES;
				IPHONEOS_DEPLOYMENT_TARGET = 16.1;
				MTL_ENABLE_DEBUG_INFO = INCLUDE_SOURCE;
				MTL_FAST_MATH = YES;
				ONLY_ACTIVE_ARCH = YES;
				SDKROOT = iphoneos;
				SWIFT_ACTIVE_COMPILATION_CONDITIONS = DEBUG;
				SWIFT_OPTIMIZATION_LEVEL = "-Onone";
			};
			name = Debug;
		};
		EB759DF9291DBD7E00F4D6C9 /* Release */ = {
			isa = XCBuildConfiguration;
			buildSettings = {
				ALWAYS_SEARCH_USER_PATHS = NO;
				CLANG_ANALYZER_NONNULL = YES;
				CLANG_ANALYZER_NUMBER_OBJECT_CONVERSION = YES_AGGRESSIVE;
				CLANG_CXX_LANGUAGE_STANDARD = "gnu++20";
				CLANG_ENABLE_MODULES = YES;
				CLANG_ENABLE_OBJC_ARC = YES;
				CLANG_ENABLE_OBJC_WEAK = YES;
				CLANG_WARN_BLOCK_CAPTURE_AUTORELEASING = YES;
				CLANG_WARN_BOOL_CONVERSION = YES;
				CLANG_WARN_COMMA = YES;
				CLANG_WARN_CONSTANT_CONVERSION = YES;
				CLANG_WARN_DEPRECATED_OBJC_IMPLEMENTATIONS = YES;
				CLANG_WARN_DIRECT_OBJC_ISA_USAGE = YES_ERROR;
				CLANG_WARN_DOCUMENTATION_COMMENTS = YES;
				CLANG_WARN_EMPTY_BODY = YES;
				CLANG_WARN_ENUM_CONVERSION = YES;
				CLANG_WARN_INFINITE_RECURSION = YES;
				CLANG_WARN_INT_CONVERSION = YES;
				CLANG_WARN_NON_LITERAL_NULL_CONVERSION = YES;
				CLANG_WARN_OBJC_IMPLICIT_RETAIN_SELF = YES;
				CLANG_WARN_OBJC_LITERAL_CONVERSION = YES;
				CLANG_WARN_OBJC_ROOT_CLASS = YES_ERROR;
				CLANG_WARN_QUOTED_INCLUDE_IN_FRAMEWORK_HEADER = YES;
				CLANG_WARN_RANGE_LOOP_ANALYSIS = YES;
				CLANG_WARN_STRICT_PROTOTYPES = YES;
				CLANG_WARN_SUSPICIOUS_MOVE = YES;
				CLANG_WARN_UNGUARDED_AVAILABILITY = YES_AGGRESSIVE;
				CLANG_WARN_UNREACHABLE_CODE = YES;
				CLANG_WARN__DUPLICATE_METHOD_MATCH = YES;
				COPY_PHASE_STRIP = NO;
				DEBUG_INFORMATION_FORMAT = "dwarf-with-dsym";
				ENABLE_NS_ASSERTIONS = NO;
				ENABLE_STRICT_OBJC_MSGSEND = YES;
				GCC_C_LANGUAGE_STANDARD = gnu11;
				GCC_NO_COMMON_BLOCKS = YES;
				GCC_WARN_64_TO_32_BIT_CONVERSION = YES;
				GCC_WARN_ABOUT_RETURN_TYPE = YES_ERROR;
				GCC_WARN_UNDECLARED_SELECTOR = YES;
				GCC_WARN_UNINITIALIZED_AUTOS = YES_AGGRESSIVE;
				GCC_WARN_UNUSED_FUNCTION = YES;
				GCC_WARN_UNUSED_VARIABLE = YES;
				IPHONEOS_DEPLOYMENT_TARGET = 16.1;
				MTL_ENABLE_DEBUG_INFO = NO;
				MTL_FAST_MATH = YES;
				SDKROOT = iphoneos;
				SWIFT_COMPILATION_MODE = wholemodule;
				SWIFT_OPTIMIZATION_LEVEL = "-O";
				VALIDATE_PRODUCT = YES;
			};
			name = Release;
		};
		EB759DFB291DBD7E00F4D6C9 /* Debug */ = {
			isa = XCBuildConfiguration;
			buildSettings = {
				ASSETCATALOG_COMPILER_APPICON_NAME = AppIcon;
				ASSETCATALOG_COMPILER_GLOBAL_ACCENT_COLOR_NAME = AccentColor;
				CODE_SIGN_STYLE = Automatic;
				CURRENT_PROJECT_VERSION = 1;
				GENERATE_INFOPLIST_FILE = YES;
				INFOPLIST_FILE = tabbar/Info.plist;
				INFOPLIST_KEY_UIApplicationSupportsIndirectInputEvents = YES;
				INFOPLIST_KEY_UILaunchStoryboardName = LaunchScreen;
				INFOPLIST_KEY_UIMainStoryboardFile = Main;
				INFOPLIST_KEY_UISupportedInterfaceOrientations_iPad = "UIInterfaceOrientationPortrait UIInterfaceOrientationPortraitUpsideDown UIInterfaceOrientationLandscapeLeft UIInterfaceOrientationLandscapeRight";
				INFOPLIST_KEY_UISupportedInterfaceOrientations_iPhone = "UIInterfaceOrientationPortrait UIInterfaceOrientationLandscapeLeft UIInterfaceOrientationLandscapeRight";
				LD_RUNPATH_SEARCH_PATHS = (
					"$(inherited)",
					"@executable_path/Frameworks",
				);
				MARKETING_VERSION = 1.0;
				PRODUCT_BUNDLE_IDENTIFIER = backfronT.tabbar;
				PRODUCT_NAME = "$(TARGET_NAME)";
				SWIFT_EMIT_LOC_STRINGS = YES;
				SWIFT_VERSION = 5.0;
				TARGETED_DEVICE_FAMILY = "1,2";
			};
			name = Debug;
		};
		EB759DFC291DBD7E00F4D6C9 /* Release */ = {
			isa = XCBuildConfiguration;
			buildSettings = {
				ASSETCATALOG_COMPILER_APPICON_NAME = AppIcon;
				ASSETCATALOG_COMPILER_GLOBAL_ACCENT_COLOR_NAME = AccentColor;
				CODE_SIGN_STYLE = Automatic;
				CURRENT_PROJECT_VERSION = 1;
				GENERATE_INFOPLIST_FILE = YES;
				INFOPLIST_FILE = tabbar/Info.plist;
				INFOPLIST_KEY_UIApplicationSupportsIndirectInputEvents = YES;
				INFOPLIST_KEY_UILaunchStoryboardName = LaunchScreen;
				INFOPLIST_KEY_UIMainStoryboardFile = Main;
				INFOPLIST_KEY_UISupportedInterfaceOrientations_iPad = "UIInterfaceOrientationPortrait UIInterfaceOrientationPortraitUpsideDown UIInterfaceOrientationLandscapeLeft UIInterfaceOrientationLandscapeRight";
				INFOPLIST_KEY_UISupportedInterfaceOrientations_iPhone = "UIInterfaceOrientationPortrait UIInterfaceOrientationLandscapeLeft UIInterfaceOrientationLandscapeRight";
				LD_RUNPATH_SEARCH_PATHS = (
					"$(inherited)",
					"@executable_path/Frameworks",
				);
				MARKETING_VERSION = 1.0;
				PRODUCT_BUNDLE_IDENTIFIER = backfronT.tabbar;
				PRODUCT_NAME = "$(TARGET_NAME)";
				SWIFT_EMIT_LOC_STRINGS = YES;
				SWIFT_VERSION = 5.0;
				TARGETED_DEVICE_FAMILY = "1,2";
			};
			name = Release;
		};
/* End XCBuildConfiguration section */

/* Begin XCConfigurationList section */
		EB759DE1291DBD7C00F4D6C9 /* Build configuration list for PBXProject "tabbar" */ = {
			isa = XCConfigurationList;
			buildConfigurations = (
				EB759DF8291DBD7E00F4D6C9 /* Debug */,
				EB759DF9291DBD7E00F4D6C9 /* Release */,
			);
			defaultConfigurationIsVisible = 0;
			defaultConfigurationName = Release;
		};
		EB759DFA291DBD7E00F4D6C9 /* Build configuration list for PBXNativeTarget "tabbar" */ = {
			isa = XCConfigurationList;
			buildConfigurations = (
				EB759DFB291DBD7E00F4D6C9 /* Debug */,
				EB759DFC291DBD7E00F4D6C9 /* Release */,
			);
			defaultConfigurationIsVisible = 0;
			defaultConfigurationName = Release;
		};
/* End XCConfigurationList section */
	};
	rootObject = EB759DDE291DBD7C00F4D6C9 /* Project object */;
}
