// !$*UTF8*$!
{
	archiveVersion = 1;
	classes = {
	};
	objectVersion = 56;
	objects = {

/* Begin PBXBuildFile section */
		EBDB4926290B4F9500340529 /* model1.swift in Sources */ = {isa = PBXBuildFile; fileRef = EBDB4925290B4F9500340529 /* model1.swift */; };
		EBDB492B290B4FCE00340529 /* TableViewCell.swift in Sources */ = {isa = PBXBuildFile; fileRef = EBDB4929290B4FCE00340529 /* TableViewCell.swift */; };
		EBDB492C290B4FCE00340529 /* TableViewCell.xib in Resources */ = {isa = PBXBuildFile; fileRef = EBDB492A290B4FCE00340529 /* TableViewCell.xib */; };
		EBDB4930290B547400340529 /* model2.swift in Sources */ = {isa = PBXBuildFile; fileRef = EBDB492F290B547400340529 /* model2.swift */; };
		EBDB4939290B557900340529 /* TableViewCell2.swift in Sources */ = {isa = PBXBuildFile; fileRef = EBDB4937290B557900340529 /* TableViewCell2.swift */; };
		EBDB493A290B557900340529 /* TableViewCell2.xib in Resources */ = {isa = PBXBuildFile; fileRef = EBDB4938290B557900340529 /* TableViewCell2.xib */; };
		EBDE12BE290B4C5700B2F80D /* AppDelegate.swift in Sources */ = {isa = PBXBuildFile; fileRef = EBDE12BD290B4C5700B2F80D /* AppDelegate.swift */; };
		EBDE12C0290B4C5700B2F80D /* SceneDelegate.swift in Sources */ = {isa = PBXBuildFile; fileRef = EBDE12BF290B4C5700B2F80D /* SceneDelegate.swift */; };
		EBDE12C2290B4C5700B2F80D /* ViewController.swift in Sources */ = {isa = PBXBuildFile; fileRef = EBDE12C1290B4C5700B2F80D /* ViewController.swift */; };
		EBDE12C5290B4C5700B2F80D /* Main.storyboard in Resources */ = {isa = PBXBuildFile; fileRef = EBDE12C3290B4C5700B2F80D /* Main.storyboard */; };
		EBDE12C7290B4C5900B2F80D /* Assets.xcassets in Resources */ = {isa = PBXBuildFile; fileRef = EBDE12C6290B4C5900B2F80D /* Assets.xcassets */; };
		EBDE12CA290B4C5900B2F80D /* LaunchScreen.storyboard in Resources */ = {isa = PBXBuildFile; fileRef = EBDE12C8290B4C5900B2F80D /* LaunchScreen.storyboard */; };
/* End PBXBuildFile section */

/* Begin PBXFileReference section */
		EBDB4925290B4F9500340529 /* model1.swift */ = {isa = PBXFileReference; lastKnownFileType = sourcecode.swift; path = model1.swift; sourceTree = "<group>"; };
		EBDB4929290B4FCE00340529 /* TableViewCell.swift */ = {isa = PBXFileReference; lastKnownFileType = sourcecode.swift; path = TableViewCell.swift; sourceTree = "<group>"; };
		EBDB492A290B4FCE00340529 /* TableViewCell.xib */ = {isa = PBXFileReference; lastKnownFileType = file.xib; path = TableViewCell.xib; sourceTree = "<group>"; };
		EBDB492F290B547400340529 /* model2.swift */ = {isa = PBXFileReference; lastKnownFileType = sourcecode.swift; path = model2.swift; sourceTree = "<group>"; };
		EBDB4937290B557900340529 /* TableViewCell2.swift */ = {isa = PBXFileReference; lastKnownFileType = sourcecode.swift; path = TableViewCell2.swift; sourceTree = "<group>"; };
		EBDB4938290B557900340529 /* TableViewCell2.xib */ = {isa = PBXFileReference; lastKnownFileType = file.xib; path = TableViewCell2.xib; sourceTree = "<group>"; };
		EBDE12BA290B4C5700B2F80D /* TableViewAvancada.app */ = {isa = PBXFileReference; explicitFileType = wrapper.application; includeInIndex = 0; path = TableViewAvancada.app; sourceTree = BUILT_PRODUCTS_DIR; };
		EBDE12BD290B4C5700B2F80D /* AppDelegate.swift */ = {isa = PBXFileReference; lastKnownFileType = sourcecode.swift; path = AppDelegate.swift; sourceTree = "<group>"; };
		EBDE12BF290B4C5700B2F80D /* SceneDelegate.swift */ = {isa = PBXFileReference; lastKnownFileType = sourcecode.swift; path = SceneDelegate.swift; sourceTree = "<group>"; };
		EBDE12C1290B4C5700B2F80D /* ViewController.swift */ = {isa = PBXFileReference; lastKnownFileType = sourcecode.swift; path = ViewController.swift; sourceTree = "<group>"; };
		EBDE12C4290B4C5700B2F80D /* Base */ = {isa = PBXFileReference; lastKnownFileType = file.storyboard; name = Base; path = Base.lproj/Main.storyboard; sourceTree = "<group>"; };
		EBDE12C6290B4C5900B2F80D /* Assets.xcassets */ = {isa = PBXFileReference; lastKnownFileType = folder.assetcatalog; path = Assets.xcassets; sourceTree = "<group>"; };
		EBDE12C9290B4C5900B2F80D /* Base */ = {isa = PBXFileReference; lastKnownFileType = file.storyboard; name = Base; path = Base.lproj/LaunchScreen.storyboard; sourceTree = "<group>"; };
		EBDE12CB290B4C5900B2F80D /* Info.plist */ = {isa = PBXFileReference; lastKnownFileType = text.plist.xml; path = Info.plist; sourceTree = "<group>"; };
/* End PBXFileReference section */

/* Begin PBXFrameworksBuildPhase section */
		EBDE12B7290B4C5700B2F80D /* Frameworks */ = {
			isa = PBXFrameworksBuildPhase;
			buildActionMask = 2147483647;
			files = (
			);
			runOnlyForDeploymentPostprocessing = 0;
		};
/* End PBXFrameworksBuildPhase section */

/* Begin PBXGroup section */
		EBDB4928290B4FC000340529 /* Cel */ = {
			isa = PBXGroup;
			children = (
				EBDB4932290B552500340529 /* CellTwo */,
				EBDB4931290B550E00340529 /* CellOne1 */,
			);
			path = Cel;
			sourceTree = "<group>";
		};
		EBDB4931290B550E00340529 /* CellOne1 */ = {
			isa = PBXGroup;
			children = (
				EBDB4929290B4FCE00340529 /* TableViewCell.swift */,
				EBDB492A290B4FCE00340529 /* TableViewCell.xib */,
			);
			path = CellOne1;
			sourceTree = "<group>";
		};
		EBDB4932290B552500340529 /* CellTwo */ = {
			isa = PBXGroup;
			children = (
				EBDB4937290B557900340529 /* TableViewCell2.swift */,
				EBDB4938290B557900340529 /* TableViewCell2.xib */,
			);
			path = CellTwo;
			sourceTree = "<group>";
		};
		EBDE12B1290B4C5700B2F80D = {
			isa = PBXGroup;
			children = (
				EBDE12BC290B4C5700B2F80D /* TableViewAvancada */,
				EBDE12BB290B4C5700B2F80D /* Products */,
			);
			sourceTree = "<group>";
		};
		EBDE12BB290B4C5700B2F80D /* Products */ = {
			isa = PBXGroup;
			children = (
				EBDE12BA290B4C5700B2F80D /* TableViewAvancada.app */,
			);
			name = Products;
			sourceTree = "<group>";
		};
		EBDE12BC290B4C5700B2F80D /* TableViewAvancada */ = {
			isa = PBXGroup;
			children = (
				EBDB4928290B4FC000340529 /* Cel */,
				EBDE12D1290B4EDD00B2F80D /* Model */,
				EBDE12BD290B4C5700B2F80D /* AppDelegate.swift */,
				EBDE12BF290B4C5700B2F80D /* SceneDelegate.swift */,
				EBDE12C1290B4C5700B2F80D /* ViewController.swift */,
				EBDE12C3290B4C5700B2F80D /* Main.storyboard */,
				EBDE12C6290B4C5900B2F80D /* Assets.xcassets */,
				EBDE12C8290B4C5900B2F80D /* LaunchScreen.storyboard */,
				EBDE12CB290B4C5900B2F80D /* Info.plist */,
			);
			path = TableViewAvancada;
			sourceTree = "<group>";
		};
		EBDE12D1290B4EDD00B2F80D /* Model */ = {
			isa = PBXGroup;
			children = (
				EBDB4925290B4F9500340529 /* model1.swift */,
				EBDB492F290B547400340529 /* model2.swift */,
			);
			path = Model;
			sourceTree = "<group>";
		};
/* End PBXGroup section */

/* Begin PBXNativeTarget section */
		EBDE12B9290B4C5700B2F80D /* TableViewAvancada */ = {
			isa = PBXNativeTarget;
			buildConfigurationList = EBDE12CE290B4C5900B2F80D /* Build configuration list for PBXNativeTarget "TableViewAvancada" */;
			buildPhases = (
				EBDE12B6290B4C5700B2F80D /* Sources */,
				EBDE12B7290B4C5700B2F80D /* Frameworks */,
				EBDE12B8290B4C5700B2F80D /* Resources */,
			);
			buildRules = (
			);
			dependencies = (
			);
			name = TableViewAvancada;
			productName = TableViewAvancada;
			productReference = EBDE12BA290B4C5700B2F80D /* TableViewAvancada.app */;
			productType = "com.apple.product-type.application";
		};
/* End PBXNativeTarget section */

/* Begin PBXProject section */
		EBDE12B2290B4C5700B2F80D /* Project object */ = {
			isa = PBXProject;
			attributes = {
				BuildIndependentTargetsInParallel = 1;
				LastSwiftUpdateCheck = 1400;
				LastUpgradeCheck = 1400;
				TargetAttributes = {
					EBDE12B9290B4C5700B2F80D = {
						CreatedOnToolsVersion = 14.0.1;
					};
				};
			};
			buildConfigurationList = EBDE12B5290B4C5700B2F80D /* Build configuration list for PBXProject "TableViewAvancada" */;
			compatibilityVersion = "Xcode 14.0";
			developmentRegion = en;
			hasScannedForEncodings = 0;
			knownRegions = (
				en,
				Base,
			);
			mainGroup = EBDE12B1290B4C5700B2F80D;
			productRefGroup = EBDE12BB290B4C5700B2F80D /* Products */;
			projectDirPath = "";
			projectRoot = "";
			targets = (
				EBDE12B9290B4C5700B2F80D /* TableViewAvancada */,
			);
		};
/* End PBXProject section */

/* Begin PBXResourcesBuildPhase section */
		EBDE12B8290B4C5700B2F80D /* Resources */ = {
			isa = PBXResourcesBuildPhase;
			buildActionMask = 2147483647;
			files = (
				EBDB493A290B557900340529 /* TableViewCell2.xib in Resources */,
				EBDE12CA290B4C5900B2F80D /* LaunchScreen.storyboard in Resources */,
				EBDB492C290B4FCE00340529 /* TableViewCell.xib in Resources */,
				EBDE12C7290B4C5900B2F80D /* Assets.xcassets in Resources */,
				EBDE12C5290B4C5700B2F80D /* Main.storyboard in Resources */,
			);
			runOnlyForDeploymentPostprocessing = 0;
		};
/* End PBXResourcesBuildPhase section */

/* Begin PBXSourcesBuildPhase section */
		EBDE12B6290B4C5700B2F80D /* Sources */ = {
			isa = PBXSourcesBuildPhase;
			buildActionMask = 2147483647;
			files = (
				EBDB492B290B4FCE00340529 /* TableViewCell.swift in Sources */,
				EBDE12C2290B4C5700B2F80D /* ViewController.swift in Sources */,
				EBDB4939290B557900340529 /* TableViewCell2.swift in Sources */,
				EBDB4926290B4F9500340529 /* model1.swift in Sources */,
				EBDE12BE290B4C5700B2F80D /* AppDelegate.swift in Sources */,
				EBDB4930290B547400340529 /* model2.swift in Sources */,
				EBDE12C0290B4C5700B2F80D /* SceneDelegate.swift in Sources */,
			);
			runOnlyForDeploymentPostprocessing = 0;
		};
/* End PBXSourcesBuildPhase section */

/* Begin PBXVariantGroup section */
		EBDE12C3290B4C5700B2F80D /* Main.storyboard */ = {
			isa = PBXVariantGroup;
			children = (
				EBDE12C4290B4C5700B2F80D /* Base */,
			);
			name = Main.storyboard;
			sourceTree = "<group>";
		};
		EBDE12C8290B4C5900B2F80D /* LaunchScreen.storyboard */ = {
			isa = PBXVariantGroup;
			children = (
				EBDE12C9290B4C5900B2F80D /* Base */,
			);
			name = LaunchScreen.storyboard;
			sourceTree = "<group>";
		};
/* End PBXVariantGroup section */

/* Begin XCBuildConfiguration section */
		EBDE12CC290B4C5900B2F80D /* Debug */ = {
			isa = XCBuildConfiguration;
			buildSettings = {
				ALWAYS_SEARCH_USER_PATHS = NO;
				CLANG_ANALYZER_NONNULL = YES;
				CLANG_ANALYZER_NUMBER_OBJECT_CONVERSION = YES_AGGRESSIVE;
				CLANG_CXX_LANGUAGE_STANDARD = "gnu++20";
				CLANG_ENABLE_MODULES = YES;
				CLANG_ENABLE_OBJC_ARC = YES;
				CLANG_ENABLE_OBJC_WEAK = YES;
				CLANG_WARN_BLOCK_CAPTURE_AUTORELEASING = YES;
				CLANG_WARN_BOOL_CONVERSION = YES;
				CLANG_WARN_COMMA = YES;
				CLANG_WARN_CONSTANT_CONVERSION = YES;
				CLANG_WARN_DEPRECATED_OBJC_IMPLEMENTATIONS = YES;
				CLANG_WARN_DIRECT_OBJC_ISA_USAGE = YES_ERROR;
				CLANG_WARN_DOCUMENTATION_COMMENTS = YES;
				CLANG_WARN_EMPTY_BODY = YES;
				CLANG_WARN_ENUM_CONVERSION = YES;
				CLANG_WARN_INFINITE_RECURSION = YES;
				CLANG_WARN_INT_CONVERSION = YES;
				CLANG_WARN_NON_LITERAL_NULL_CONVERSION = YES;
				CLANG_WARN_OBJC_IMPLICIT_RETAIN_SELF = YES;
				CLANG_WARN_OBJC_LITERAL_CONVERSION = YES;
				CLANG_WARN_OBJC_ROOT_CLASS = YES_ERROR;
				CLANG_WARN_QUOTED_INCLUDE_IN_FRAMEWORK_HEADER = YES;
				CLANG_WARN_RANGE_LOOP_ANALYSIS = YES;
				CLANG_WARN_STRICT_PROTOTYPES = YES;
				CLANG_WARN_SUSPICIOUS_MOVE = YES;
				CLANG_WARN_UNGUARDED_AVAILABILITY = YES_AGGRESSIVE;
				CLANG_WARN_UNREACHABLE_CODE = YES;
				CLANG_WARN__DUPLICATE_METHOD_MATCH = YES;
				COPY_PHASE_STRIP = NO;
				DEBUG_INFORMATION_FORMAT = dwarf;
				ENABLE_STRICT_OBJC_MSGSEND = YES;
				ENABLE_TESTABILITY = YES;
				GCC_C_LANGUAGE_STANDARD = gnu11;
				GCC_DYNAMIC_NO_PIC = NO;
				GCC_NO_COMMON_BLOCKS = YES;
				GCC_OPTIMIZATION_LEVEL = 0;
				GCC_PREPROCESSOR_DEFINITIONS = (
					"DEBUG=1",
					"$(inherited)",
				);
				GCC_WARN_64_TO_32_BIT_CONVERSION = YES;
				GCC_WARN_ABOUT_RETURN_TYPE = YES_ERROR;
				GCC_WARN_UNDECLARED_SELECTOR = YES;
				GCC_WARN_UNINITIALIZED_AUTOS = YES_AGGRESSIVE;
				GCC_WARN_UNUSED_FUNCTION = YES;
				GCC_WARN_UNUSED_VARIABLE = YES;
				IPHONEOS_DEPLOYMENT_TARGET = 16.0;
				MTL_ENABLE_DEBUG_INFO = INCLUDE_SOURCE;
				MTL_FAST_MATH = YES;
				ONLY_ACTIVE_ARCH = YES;
				SDKROOT = iphoneos;
				SWIFT_ACTIVE_COMPILATION_CONDITIONS = DEBUG;
				SWIFT_OPTIMIZATION_LEVEL = "-Onone";
			};
			name = Debug;
		};
		EBDE12CD290B4C5900B2F80D /* Release */ = {
			isa = XCBuildConfiguration;
			buildSettings = {
				ALWAYS_SEARCH_USER_PATHS = NO;
				CLANG_ANALYZER_NONNULL = YES;
				CLANG_ANALYZER_NUMBER_OBJECT_CONVERSION = YES_AGGRESSIVE;
				CLANG_CXX_LANGUAGE_STANDARD = "gnu++20";
				CLANG_ENABLE_MODULES = YES;
				CLANG_ENABLE_OBJC_ARC = YES;
				CLANG_ENABLE_OBJC_WEAK = YES;
				CLANG_WARN_BLOCK_CAPTURE_AUTORELEASING = YES;
				CLANG_WARN_BOOL_CONVERSION = YES;
				CLANG_WARN_COMMA = YES;
				CLANG_WARN_CONSTANT_CONVERSION = YES;
				CLANG_WARN_DEPRECATED_OBJC_IMPLEMENTATIONS = YES;
				CLANG_WARN_DIRECT_OBJC_ISA_USAGE = YES_ERROR;
				CLANG_WARN_DOCUMENTATION_COMMENTS = YES;
				CLANG_WARN_EMPTY_BODY = YES;
				CLANG_WARN_ENUM_CONVERSION = YES;
				CLANG_WARN_INFINITE_RECURSION = YES;
				CLANG_WARN_INT_CONVERSION = YES;
				CLANG_WARN_NON_LITERAL_NULL_CONVERSION = YES;
				CLANG_WARN_OBJC_IMPLICIT_RETAIN_SELF = YES;
				CLANG_WARN_OBJC_LITERAL_CONVERSION = YES;
				CLANG_WARN_OBJC_ROOT_CLASS = YES_ERROR;
				CLANG_WARN_QUOTED_INCLUDE_IN_FRAMEWORK_HEADER = YES;
				CLANG_WARN_RANGE_LOOP_ANALYSIS = YES;
				CLANG_WARN_STRICT_PROTOTYPES = YES;
				CLANG_WARN_SUSPICIOUS_MOVE = YES;
				CLANG_WARN_UNGUARDED_AVAILABILITY = YES_AGGRESSIVE;
				CLANG_WARN_UNREACHABLE_CODE = YES;
				CLANG_WARN__DUPLICATE_METHOD_MATCH = YES;
				COPY_PHASE_STRIP = NO;
				DEBUG_INFORMATION_FORMAT = "dwarf-with-dsym";
				ENABLE_NS_ASSERTIONS = NO;
				ENABLE_STRICT_OBJC_MSGSEND = YES;
				GCC_C_LANGUAGE_STANDARD = gnu11;
				GCC_NO_COMMON_BLOCKS = YES;
				GCC_WARN_64_TO_32_BIT_CONVERSION = YES;
				GCC_WARN_ABOUT_RETURN_TYPE = YES_ERROR;
				GCC_WARN_UNDECLARED_SELECTOR = YES;
				GCC_WARN_UNINITIALIZED_AUTOS = YES_AGGRESSIVE;
				GCC_WARN_UNUSED_FUNCTION = YES;
				GCC_WARN_UNUSED_VARIABLE = YES;
				IPHONEOS_DEPLOYMENT_TARGET = 16.0;
				MTL_ENABLE_DEBUG_INFO = NO;
				MTL_FAST_MATH = YES;
				SDKROOT = iphoneos;
				SWIFT_COMPILATION_MODE = wholemodule;
				SWIFT_OPTIMIZATION_LEVEL = "-O";
				VALIDATE_PRODUCT = YES;
			};
			name = Release;
		};
		EBDE12CF290B4C5900B2F80D /* Debug */ = {
			isa = XCBuildConfiguration;
			buildSettings = {
				ASSETCATALOG_COMPILER_APPICON_NAME = AppIcon;
				ASSETCATALOG_COMPILER_GLOBAL_ACCENT_COLOR_NAME = AccentColor;
				CODE_SIGN_STYLE = Automatic;
				CURRENT_PROJECT_VERSION = 1;
				GENERATE_INFOPLIST_FILE = YES;
				INFOPLIST_FILE = TableViewAvancada/Info.plist;
				INFOPLIST_KEY_UIApplicationSupportsIndirectInputEvents = YES;
				INFOPLIST_KEY_UILaunchStoryboardName = LaunchScreen;
				INFOPLIST_KEY_UIMainStoryboardFile = Main;
				INFOPLIST_KEY_UISupportedInterfaceOrientations_iPad = "UIInterfaceOrientationPortrait UIInterfaceOrientationPortraitUpsideDown UIInterfaceOrientationLandscapeLeft UIInterfaceOrientationLandscapeRight";
				INFOPLIST_KEY_UISupportedInterfaceOrientations_iPhone = "UIInterfaceOrientationPortrait UIInterfaceOrientationLandscapeLeft UIInterfaceOrientationLandscapeRight";
				LD_RUNPATH_SEARCH_PATHS = (
					"$(inherited)",
					"@executable_path/Frameworks",
				);
				MARKETING_VERSION = 1.0;
				PRODUCT_BUNDLE_IDENTIFIER = backfronT.TableViewAvancada;
				PRODUCT_NAME = "$(TARGET_NAME)";
				SWIFT_EMIT_LOC_STRINGS = YES;
				SWIFT_VERSION = 5.0;
				TARGETED_DEVICE_FAMILY = "1,2";
			};
			name = Debug;
		};
		EBDE12D0290B4C5900B2F80D /* Release */ = {
			isa = XCBuildConfiguration;
			buildSettings = {
				ASSETCATALOG_COMPILER_APPICON_NAME = AppIcon;
				ASSETCATALOG_COMPILER_GLOBAL_ACCENT_COLOR_NAME = AccentColor;
				CODE_SIGN_STYLE = Automatic;
				CURRENT_PROJECT_VERSION = 1;
				GENERATE_INFOPLIST_FILE = YES;
				INFOPLIST_FILE = TableViewAvancada/Info.plist;
				INFOPLIST_KEY_UIApplicationSupportsIndirectInputEvents = YES;
				INFOPLIST_KEY_UILaunchStoryboardName = LaunchScreen;
				INFOPLIST_KEY_UIMainStoryboardFile = Main;
				INFOPLIST_KEY_UISupportedInterfaceOrientations_iPad = "UIInterfaceOrientationPortrait UIInterfaceOrientationPortraitUpsideDown UIInterfaceOrientationLandscapeLeft UIInterfaceOrientationLandscapeRight";
				INFOPLIST_KEY_UISupportedInterfaceOrientations_iPhone = "UIInterfaceOrientationPortrait UIInterfaceOrientationLandscapeLeft UIInterfaceOrientationLandscapeRight";
				LD_RUNPATH_SEARCH_PATHS = (
					"$(inherited)",
					"@executable_path/Frameworks",
				);
				MARKETING_VERSION = 1.0;
				PRODUCT_BUNDLE_IDENTIFIER = backfronT.TableViewAvancada;
				PRODUCT_NAME = "$(TARGET_NAME)";
				SWIFT_EMIT_LOC_STRINGS = YES;
				SWIFT_VERSION = 5.0;
				TARGETED_DEVICE_FAMILY = "1,2";
			};
			name = Release;
		};
/* End XCBuildConfiguration section */

/* Begin XCConfigurationList section */
		EBDE12B5290B4C5700B2F80D /* Build configuration list for PBXProject "TableViewAvancada" */ = {
			isa = XCConfigurationList;
			buildConfigurations = (
				EBDE12CC290B4C5900B2F80D /* Debug */,
				EBDE12CD290B4C5900B2F80D /* Release */,
			);
			defaultConfigurationIsVisible = 0;
			defaultConfigurationName = Release;
		};
		EBDE12CE290B4C5900B2F80D /* Build configuration list for PBXNativeTarget "TableViewAvancada" */ = {
			isa = XCConfigurationList;
			buildConfigurations = (
				EBDE12CF290B4C5900B2F80D /* Debug */,
				EBDE12D0290B4C5900B2F80D /* Release */,
			);
			defaultConfigurationIsVisible = 0;
			defaultConfigurationName = Release;
		};
/* End XCConfigurationList section */
	};
	rootObject = EBDE12B2290B4C5700B2F80D /* Project object */;
}
